{
  "name": "exif-importer",
  "version": "1.0.0",
  "lockfileVersion": 3,
  "requires": true,
  "packages": {
    "": {
      "name": "exif-importer",
      "version": "1.0.0",
      "license": "ISC",
      "dependencies": {
        "date-fns": "^4.1.0",
        "dist-exiftool": "^10.53.0"
      }
    },
    "node_modules/date-fns": {
      "version": "4.1.0",
      "resolved": "https://registry.npmjs.org/date-fns/-/date-fns-4.1.0.tgz",
      "integrity": "sha512-Ukq0owbQXxa/U3EGtsdVBkR1w7KOQ5gIBqdH2hkvknzZPYvBxb/aa6E8L7tmjFtkwZBu3UXBbjIgPo/Ez4xaNg==",
      "license": "MIT",
      "funding": {
        "type": "github",
        "url": "https://github.com/sponsors/kossnocorp"
      }
    },
    "node_modules/dist-exiftool": {
      "version": "10.53.0",
      "resolved": "https://registry.npmjs.org/dist-exiftool/-/dist-exiftool-10.53.0.tgz",
      "integrity": "sha512-rWjalcN4eU76iA1wwQjXpdPgiNq8k3cbV+YvXdoJVsnYTVTTtRogY9bbHDhMtU76mFv46JkFuQzZkIsSkf6xfA==",
      "hasInstallScript": true,
      "license": "Artistic-2.0",
      "dependencies": {
        "platform-dependent-modules": "0.0.14"
      },
      "optionalDependencies": {
        "exiftool.exe": "10.53",
        "exiftool.pl": "10.53"
      }
    },
    "node_modules/exiftool.exe": {
      "version": "10.53.0",
      "resolved": "https://registry.npmjs.org/exiftool.exe/-/exiftool.exe-10.53.0.tgz",
      "integrity": "sha512-+79RKU+qass902BldGmxTmIfIiEnzYc57JiYawVDu2/Alu20AgsZpyBspdWFENX+xcmFKLLvc8ZcuIxbEiqnSw==",
      "license": "Artistic-2.0",
      "optional": true
    },
    "node_modules/exiftool.pl": {
      "version": "10.53.0",
      "resolved": "https://registry.npmjs.org/exiftool.pl/-/exiftool.pl-10.53.0.tgz",
      "integrity": "sha512-IgCT0YmeZAzQK9OVZAXBUIZQ1HU2Ml12mwqyzKKyATqVxUwUghnqS7+gSUzmbfsJsQ1k6uV1OboDPGn7Y4bi5A==",
      "license": "Artistic-2.0",
      "optional": true
    },
    "node_modules/platform-dependent-modules": {
      "version": "0.0.14",
      "resolved": "https://registry.npmjs.org/platform-dependent-modules/-/platform-dependent-modules-0.0.14.tgz",
      "integrity": "sha512-6nOD+RSVmI5Xu1bD8DWetQ3rlgyPq4n5j5esDXn5H+J2XBTvK6t51DP/NZH5CvIlGw3VmOu+7R+WhbYoBDcNEA==",
      "license": "MIT",
      "bin": {
        "platform-dependent-modules": "cli.js"
      },
      "engines": {
        "node": ">=0.10"
      }
    }
  }
}
